<?xml version="1.0" encoding="utf-8"?>
<Project ToolsVersion="4.0" xmlns="http://schemas.microsoft.com/developer/msbuild/2003">
  <ItemGroup>
    <Filter Include="Source Files">
      <UniqueIdentifier>{4FC737F1-C7A5-4376-A066-2A32D752A2FF}</UniqueIdentifier>
      <Extensions>cpp;c;cc;cxx;c++;cppm;ixx;def;odl;idl;hpj;bat;asm;asmx</Extensions>
    </Filter>
    <Filter Include="Header Files">
      <UniqueIdentifier>{93995380-89BD-4b04-88EB-625FBE52EBFB}</UniqueIdentifier>
      <Extensions>h;hh;hpp;hxx;h++;hm;inl;inc;ipp;xsd</Extensions>
    </Filter>
    <Filter Include="Resource Files">
      <UniqueIdentifier>{67DA6AB6-F800-4c08-8B7A-83BB121AAD01}</UniqueIdentifier>
      <Extensions>rc;ico;cur;bmp;dlg;rc2;rct;bin;rgs;gif;jpg;jpeg;jpe;resx;tiff;tif;png;wav;mfcribbon-ms</Extensions>
    </Filter>
  </ItemGroup>
  <ItemGroup>
    <ClInclude Include="swe_system_base.h">
      <Filter>Header Files</Filter>
    </ClInclude>
    <ClInclude Include="swe_system_winmm.h">
      <Filter>Header Files</Filter>
    </ClInclude>
    <ClInclude Include="swe_system_wasapi.h">
      <Filter>Header Files</Filter>
    </ClInclude>
    <ClInclude Include="swe_system_openal.h">
      <Filter>Header Files</Filter>
    </ClInclude>
    <ClInclude Include="swe_system_alsa.h">
      <Filter>Header Files</Filter>
    </ClInclude>
    <ClInclude Include="swe_system_sdlmixer.h">
      <Filter>Header Files</Filter>
    </ClInclude>
    <ClInclude Include="swe_wave_engine.h">
      <Filter>Header Files</Filter>
    </ClInclude>
    <ClInclude Include="swe_wave_wave.h">
      <Filter>Header Files</Filter>
    </ClInclude>
    <ClInclude Include="swe_wave_file.h">
      <Filter>Header Files</Filter>
    </ClInclude>
    <ClInclude Include="swe_wave_view.h">
      <Filter>Header Files</Filter>
    </ClInclude>
    <ClInclude Include="swe_dummy.h">
      <Filter>Header Files</Filter>
    </ClInclude>
    <ClInclude Include="swe_prefix.h">
      <Filter>Header Files</Filter>
    </ClInclude>
    <ClInclude Include="olc_swe_template.h">
      <Filter>Header Files</Filter>
    </ClInclude>
    <ClInclude Include="olcSoundWaveEngine.h">
      <Filter>Header Files</Filter>
    </ClInclude>
    <ClInclude Include="swe_synth_osc.h">
      <Filter>Header Files</Filter>
    </ClInclude>
    <ClInclude Include="swe_synth_envelope.h">
      <Filter>Header Files</Filter>
    </ClInclude>
    <ClInclude Include="swe_synth_modular.h">
      <Filter>Header Files</Filter>
    </ClInclude>
    <ClInclude Include="swe_system_pulse.h">
      <Filter>Header Files</Filter>
    </ClInclude>
  </ItemGroup>
  <ItemGroup>
    <ClCompile Include="swe_system_base.cpp">
      <Filter>Source Files</Filter>
    </ClCompile>
    <ClCompile Include="swe_system_winmm.cpp">
      <Filter>Source Files</Filter>
    </ClCompile>
    <ClCompile Include="swe_system_wasapi.cpp">
      <Filter>Source Files</Filter>
    </ClCompile>
    <ClCompile Include="swe_system_openal.cpp">
      <Filter>Source Files</Filter>
    </ClCompile>
    <ClCompile Include="swe_system_alsa.cpp">
      <Filter>Source Files</Filter>
    </ClCompile>
    <ClCompile Include="swe_system_sdlmixer.cpp">
      <Filter>Source Files</Filter>
    </ClCompile>
    <ClCompile Include="swe_wave_engine.cpp">
      <Filter>Source Files</Filter>
    </ClCompile>
    <ClCompile Include="swe_wave_wave.cpp">
      <Filter>Source Files</Filter>
    </ClCompile>
    <ClCompile Include="swe_wave_file.cpp">
      <Filter>Source Files</Filter>
    </ClCompile>
    <ClCompile Include="swe_wave_view.cpp">
      <Filter>Source Files</Filter>
    </ClCompile>
    <ClCompile Include="swe_test_basics.cpp">
      <Filter>Source Files</Filter>
    </ClCompile>
    <ClCompile Include="swe_synth_osc.cpp">
      <Filter>Source Files</Filter>
    </ClCompile>
    <ClCompile Include="swe_synth_envelope.cpp">
      <Filter>Source Files</Filter>
    </ClCompile>
    <ClCompile Include="swe_synth_modular.cpp">
      <Filter>Source Files</Filter>
    </ClCompile>
    <ClCompile Include="swe_system_pulse.cpp">
      <Filter>Source Files</Filter>
    </ClCompile>
  </ItemGroup>
  <ItemGroup>
    <None Include="..\README.md" />
  </ItemGroup>
</Project>